
Microsoft Visual Studio Solution File, Format Version 12.00
# Visual Studio Version 16
VisualStudioVersion = 16.0.31911.196
MinimumVisualStudioVersion = 10.0.40219.1
Project("{FAE04EC0-301F-11D3-BF4B-00C04F79EFBC}") = "Calendar1", "Calendar1.csproj", "{E5D8B1E8-52CE-4ED2-A611-4920068FF9E5}"
EndProject
Global
	GlobalSection(SolutionConfigurationPlatforms) = preSolution
		Debug|Any CPU = Debug|Any CPU
		Release|Any CPU = Release|Any CPU
	EndGlobalSection
	GlobalSection(ProjectConfigurationPlatforms) = postSolution
		{E5D8B1E8-52CE-4ED2-A611-4920068FF9E5}.Debug|Any CPU.ActiveCfg = Debug|Any CPU
		{E5D8B1E8-52CE-4ED2-A611-4920068FF9E5}.Debug|Any CPU.Build.0 = Debug|Any CPU
		{E5D8B1E8-52CE-4ED2-A611-4920068FF9E5}.Release|Any CPU.ActiveCfg = Release|Any CPU
		{E5D8B1E8-52CE-4ED2-A611-4920068FF9E5}.Release|Any CPU.Build.0 = Release|Any CPU
	EndGlobalSection
	GlobalSection(SolutionProperties) = preSolution
		HideSolutionNode = FALSE
	EndGlobalSection
	GlobalSection(ExtensibilityGlobals) = postSolution
		SolutionGuid = {F0F19A0D-1D3B-4D98-804F-F29FF6C60408}
	EndGlobalSection
EndGlobal
